
Microsoft Visual Studio Solution File, Format Version 12.00
# Visual Studio Version 16
VisualStudioVersion = 16.0.33130.400
MinimumVisualStudioVersion = 10.0.40219.1
Project("{FAE04EC0-301F-11D3-BF4B-00C04F79EFBC}") = "HortifrutiWebApp", "HortifrutiWebApp\HortifrutiWebApp.csproj", "{438C8E60-6F6F-4E95-85B9-660559D50F11}"
EndProject
Global
	GlobalSection(SolutionConfigurationPlatforms) = preSolution
		Debug|Any CPU = Debug|Any CPU
		Release|Any CPU = Release|Any CPU
	EndGlobalSection
	GlobalSection(ProjectConfigurationPlatforms) = postSolution
		{438C8E60-6F6F-4E95-85B9-660559D50F11}.Debug|Any CPU.ActiveCfg = Debug|Any CPU
		{438C8E60-6F6F-4E95-85B9-660559D50F11}.Debug|Any CPU.Build.0 = Debug|Any CPU
		{438C8E60-6F6F-4E95-85B9-660559D50F11}.Release|Any CPU.ActiveCfg = Release|Any CPU
		{438C8E60-6F6F-4E95-85B9-660559D50F11}.Release|Any CPU.Build.0 = Release|Any CPU
	EndGlobalSection
	GlobalSection(SolutionProperties) = preSolution
		HideSolutionNode = FALSE
	EndGlobalSection
	GlobalSection(ExtensibilityGlobals) = postSolution
		SolutionGuid = {9265EA3F-C76F-43FF-ABE9-E4FEFA30927C}
	EndGlobalSection
EndGlobal
